<Solution>
  <Configurations>
    <Platform Name="x64" />
    <Platform Name="x86" />
  </Configurations>
  <Project Path="ClientCLI/ClientCLI.vcxproj" Id="f5051a54-e8b5-46ea-b1c1-f0e1497edaee" />
  <Project Path="DaemonProcess/DaemonProcess.vcxproj" Id="a46b9ab7-c492-471f-97e8-2209fe07571d" />
</Solution>
